// !$*UTF8*$!
{
	archiveVersion = 1;
	classes = {
	};
	objectVersion = 56;
	objects = {

/* Begin PBXBuildFile section */
		6C276DF12B8F5DBC00A9103C /* ProfileViewModel.swift in Sources */ = {isa = PBXBuildFile; fileRef = 6C276DF02B8F5DBC00A9103C /* ProfileViewModel.swift */; };
		6C5AA68B2B7E17DA0088C3B8 /* AppDelegate.swift in Sources */ = {isa = PBXBuildFile; fileRef = 6C5AA68A2B7E17DA0088C3B8 /* AppDelegate.swift */; };
		6C5AA68D2B7E17DA0088C3B8 /* SceneDelegate.swift in Sources */ = {isa = PBXBuildFile; fileRef = 6C5AA68C2B7E17DA0088C3B8 /* SceneDelegate.swift */; };
		6C5AA68F2B7E17DA0088C3B8 /* ViewController.swift in Sources */ = {isa = PBXBuildFile; fileRef = 6C5AA68E2B7E17DA0088C3B8 /* ViewController.swift */; };
		6C5AA6942B7E17DB0088C3B8 /* Assets.xcassets in Resources */ = {isa = PBXBuildFile; fileRef = 6C5AA6932B7E17DB0088C3B8 /* Assets.xcassets */; };
		6C5AA6972B7E17DB0088C3B8 /* LaunchScreen.storyboard in Resources */ = {isa = PBXBuildFile; fileRef = 6C5AA6952B7E17DB0088C3B8 /* LaunchScreen.storyboard */; };
		6CBB88332B8796D100CC175A /* HomeVC.swift in Sources */ = {isa = PBXBuildFile; fileRef = 6CBB88312B8796D100CC175A /* HomeVC.swift */; };
		6CBB88342B8796D100CC175A /* HomeVC.xib in Resources */ = {isa = PBXBuildFile; fileRef = 6CBB88322B8796D100CC175A /* HomeVC.xib */; };
		6CBB88372B87980500CC175A /* TabVC.swift in Sources */ = {isa = PBXBuildFile; fileRef = 6CBB88362B87980500CC175A /* TabVC.swift */; };
		6CBB883E2B8798CB00CC175A /* ProfileVC.swift in Sources */ = {isa = PBXBuildFile; fileRef = 6CBB883C2B8798CB00CC175A /* ProfileVC.swift */; };
		6CBB883F2B8798CB00CC175A /* ProfileVC.xib in Resources */ = {isa = PBXBuildFile; fileRef = 6CBB883D2B8798CB00CC175A /* ProfileVC.xib */; };
		6CBB88442B879AC300CC175A /* LoginVC.swift in Sources */ = {isa = PBXBuildFile; fileRef = 6CBB88422B879AC300CC175A /* LoginVC.swift */; };
		6CBB88452B879AC300CC175A /* LoginVC.xib in Resources */ = {isa = PBXBuildFile; fileRef = 6CBB88432B879AC300CC175A /* LoginVC.xib */; };
		6CBB88482B8B709800CC175A /* color.xcassets in Resources */ = {isa = PBXBuildFile; fileRef = 6CBB88472B8B709800CC175A /* color.xcassets */; };
		6CBB884B2B8B7B9700CC175A /* BaseViewController.swift in Sources */ = {isa = PBXBuildFile; fileRef = 6CBB884A2B8B7B9700CC175A /* BaseViewController.swift */; };
		6CBB884D2B8B7BE400CC175A /* BaseViewModel.swift in Sources */ = {isa = PBXBuildFile; fileRef = 6CBB884C2B8B7BE400CC175A /* BaseViewModel.swift */; };
		6CBB885A2B8E20A800CC175A /* UIView+Extension.swift in Sources */ = {isa = PBXBuildFile; fileRef = 6CBB88592B8E20A800CC175A /* UIView+Extension.swift */; };
		6CBB885C2B8E20D300CC175A /* UICollectionView+Extension.swift in Sources */ = {isa = PBXBuildFile; fileRef = 6CBB885B2B8E20D300CC175A /* UICollectionView+Extension.swift */; };
		6CBB885E2B8E20ED00CC175A /* UITableView+Extension.swift in Sources */ = {isa = PBXBuildFile; fileRef = 6CBB885D2B8E20ED00CC175A /* UITableView+Extension.swift */; };
		6CBB88622B8E297300CC175A /* LoadingIndicator.swift in Sources */ = {isa = PBXBuildFile; fileRef = 6CBB88612B8E297300CC175A /* LoadingIndicator.swift */; };
		6CBB88642B8E34BB00CC175A /* UIApplication+Extension.swift in Sources */ = {isa = PBXBuildFile; fileRef = 6CBB88632B8E34BB00CC175A /* UIApplication+Extension.swift */; };
		D57C5E991D41B56D4C794B19 /* Pods_Fresh_Wave___Agent.framework in Frameworks */ = {isa = PBXBuildFile; fileRef = 1B42DBB18172097FDF425D2F /* Pods_Fresh_Wave___Agent.framework */; };
/* End PBXBuildFile section */

/* Begin PBXFileReference section */
		1B42DBB18172097FDF425D2F /* Pods_Fresh_Wave___Agent.framework */ = {isa = PBXFileReference; explicitFileType = wrapper.framework; includeInIndex = 0; path = "Pods_Fresh_Wave___Agent.framework"; sourceTree = BUILT_PRODUCTS_DIR; };
		5B5323D5090CA3F37AB9BD83 /* Pods-Fresh Wave - Agent.debug.xcconfig */ = {isa = PBXFileReference; includeInIndex = 1; lastKnownFileType = text.xcconfig; name = "Pods-Fresh Wave - Agent.debug.xcconfig"; path = "Target Support Files/Pods-Fresh Wave - Agent/Pods-Fresh Wave - Agent.debug.xcconfig"; sourceTree = "<group>"; };
		6C276DF02B8F5DBC00A9103C /* ProfileViewModel.swift */ = {isa = PBXFileReference; lastKnownFileType = sourcecode.swift; path = ProfileViewModel.swift; sourceTree = "<group>"; };
		6C5AA6872B7E17DA0088C3B8 /* Fresh Wave - Agent.app */ = {isa = PBXFileReference; explicitFileType = wrapper.application; includeInIndex = 0; path = "Fresh Wave - Agent.app"; sourceTree = BUILT_PRODUCTS_DIR; };
		6C5AA68A2B7E17DA0088C3B8 /* AppDelegate.swift */ = {isa = PBXFileReference; lastKnownFileType = sourcecode.swift; path = AppDelegate.swift; sourceTree = "<group>"; };
		6C5AA68C2B7E17DA0088C3B8 /* SceneDelegate.swift */ = {isa = PBXFileReference; lastKnownFileType = sourcecode.swift; path = SceneDelegate.swift; sourceTree = "<group>"; };
		6C5AA68E2B7E17DA0088C3B8 /* ViewController.swift */ = {isa = PBXFileReference; lastKnownFileType = sourcecode.swift; path = ViewController.swift; sourceTree = "<group>"; };
		6C5AA6932B7E17DB0088C3B8 /* Assets.xcassets */ = {isa = PBXFileReference; lastKnownFileType = folder.assetcatalog; path = Assets.xcassets; sourceTree = "<group>"; };
		6C5AA6962B7E17DB0088C3B8 /* Base */ = {isa = PBXFileReference; lastKnownFileType = file.storyboard; name = Base; path = Base.lproj/LaunchScreen.storyboard; sourceTree = "<group>"; };
		6C5AA6982B7E17DB0088C3B8 /* Info.plist */ = {isa = PBXFileReference; lastKnownFileType = text.plist.xml; path = Info.plist; sourceTree = "<group>"; };
		6CBB88312B8796D100CC175A /* HomeVC.swift */ = {isa = PBXFileReference; lastKnownFileType = sourcecode.swift; path = HomeVC.swift; sourceTree = "<group>"; };
		6CBB88322B8796D100CC175A /* HomeVC.xib */ = {isa = PBXFileReference; lastKnownFileType = file.xib; path = HomeVC.xib; sourceTree = "<group>"; };
		6CBB88362B87980500CC175A /* TabVC.swift */ = {isa = PBXFileReference; lastKnownFileType = sourcecode.swift; path = TabVC.swift; sourceTree = "<group>"; };
		6CBB883C2B8798CB00CC175A /* ProfileVC.swift */ = {isa = PBXFileReference; lastKnownFileType = sourcecode.swift; path = ProfileVC.swift; sourceTree = "<group>"; };
		6CBB883D2B8798CB00CC175A /* ProfileVC.xib */ = {isa = PBXFileReference; lastKnownFileType = file.xib; path = ProfileVC.xib; sourceTree = "<group>"; };
		6CBB88422B879AC300CC175A /* LoginVC.swift */ = {isa = PBXFileReference; lastKnownFileType = sourcecode.swift; path = LoginVC.swift; sourceTree = "<group>"; };
		6CBB88432B879AC300CC175A /* LoginVC.xib */ = {isa = PBXFileReference; lastKnownFileType = file.xib; path = LoginVC.xib; sourceTree = "<group>"; };
		6CBB88472B8B709800CC175A /* color.xcassets */ = {isa = PBXFileReference; lastKnownFileType = folder.assetcatalog; path = color.xcassets; sourceTree = "<group>"; };
		6CBB884A2B8B7B9700CC175A /* BaseViewController.swift */ = {isa = PBXFileReference; lastKnownFileType = sourcecode.swift; path = BaseViewController.swift; sourceTree = "<group>"; };
		6CBB884C2B8B7BE400CC175A /* BaseViewModel.swift */ = {isa = PBXFileReference; lastKnownFileType = sourcecode.swift; path = BaseViewModel.swift; sourceTree = "<group>"; };
		6CBB88592B8E20A800CC175A /* UIView+Extension.swift */ = {isa = PBXFileReference; lastKnownFileType = sourcecode.swift; path = "UIView+Extension.swift"; sourceTree = "<group>"; };
		6CBB885B2B8E20D300CC175A /* UICollectionView+Extension.swift */ = {isa = PBXFileReference; lastKnownFileType = sourcecode.swift; path = "UICollectionView+Extension.swift"; sourceTree = "<group>"; };
		6CBB885D2B8E20ED00CC175A /* UITableView+Extension.swift */ = {isa = PBXFileReference; lastKnownFileType = sourcecode.swift; path = "UITableView+Extension.swift"; sourceTree = "<group>"; };
		6CBB88612B8E297300CC175A /* LoadingIndicator.swift */ = {isa = PBXFileReference; lastKnownFileType = sourcecode.swift; path = LoadingIndicator.swift; sourceTree = "<group>"; };
		6CBB88632B8E34BB00CC175A /* UIApplication+Extension.swift */ = {isa = PBXFileReference; lastKnownFileType = sourcecode.swift; path = "UIApplication+Extension.swift"; sourceTree = "<group>"; };
		E0587165DB6AED566564D5E3 /* Pods-Fresh Wave - Agent.release.xcconfig */ = {isa = PBXFileReference; includeInIndex = 1; lastKnownFileType = text.xcconfig; name = "Pods-Fresh Wave - Agent.release.xcconfig"; path = "Target Support Files/Pods-Fresh Wave - Agent/Pods-Fresh Wave - Agent.release.xcconfig"; sourceTree = "<group>"; };
/* End PBXFileReference section */

/* Begin PBXFrameworksBuildPhase section */
		6C5AA6842B7E17DA0088C3B8 /* Frameworks */ = {
			isa = PBXFrameworksBuildPhase;
			buildActionMask = 2147483647;
			files = (
				D57C5E991D41B56D4C794B19 /* Pods_Fresh_Wave___Agent.framework in Frameworks */,
			);
			runOnlyForDeploymentPostprocessing = 0;
		};
/* End PBXFrameworksBuildPhase section */

/* Begin PBXGroup section */
		3913975D125BB5F6577345A7 /* Frameworks */ = {
			isa = PBXGroup;
			children = (
				1B42DBB18172097FDF425D2F /* Pods_Fresh_Wave___Agent.framework */,
			);
			name = Frameworks;
			sourceTree = "<group>";
		};
		6C276DEE2B8F5D2100A9103C /* Managers */ = {
			isa = PBXGroup;
			children = (
			);
			path = Managers;
			sourceTree = "<group>";
		};
		6C276DEF2B8F5DA800A9103C /* ViewModel */ = {
			isa = PBXGroup;
			children = (
				6C276DF02B8F5DBC00A9103C /* ProfileViewModel.swift */,
			);
			path = ViewModel;
			sourceTree = "<group>";
		};
		6C5AA67E2B7E17DA0088C3B8 = {
			isa = PBXGroup;
			children = (
				6C5AA6892B7E17DA0088C3B8 /* Fresh Wave - Agent */,
				6C5AA6882B7E17DA0088C3B8 /* Products */,
				D6CC0B0F2680F44447E08284 /* Pods */,
				3913975D125BB5F6577345A7 /* Frameworks */,
			);
			sourceTree = "<group>";
		};
		6C5AA6882B7E17DA0088C3B8 /* Products */ = {
			isa = PBXGroup;
			children = (
				6C5AA6872B7E17DA0088C3B8 /* Fresh Wave - Agent.app */,
			);
			name = Products;
			sourceTree = "<group>";
		};
		6C5AA6892B7E17DA0088C3B8 /* Fresh Wave - Agent */ = {
			isa = PBXGroup;
			children = (
				6C276DEE2B8F5D2100A9103C /* Managers */,
				6CBB885F2B8E295500CC175A /* Components */,
				6CBB88572B8E208F00CC175A /* Utils */,
				6CBB88492B8B7B6E00CC175A /* Base */,
				6C5AA6982B7E17DB0088C3B8 /* Info.plist */,
				6CBB88462B8B6ED800CC175A /* Resources */,
				6CBB882E2B8795EB00CC175A /* Scences */,
				6C5AA68E2B7E17DA0088C3B8 /* ViewController.swift */,
				6C5AA6952B7E17DB0088C3B8 /* LaunchScreen.storyboard */,
			);
			path = "Fresh Wave - Agent";
			sourceTree = "<group>";
		};
		6CBB882E2B8795EB00CC175A /* Scences */ = {
			isa = PBXGroup;
			children = (
				6CBB88402B879A9E00CC175A /* Login */,
				6CBB88392B87987400CC175A /* Profile */,
				6CBB88352B8797ED00CC175A /* Tab */,
				6CBB882F2B87968700CC175A /* Home */,
			);
			path = Scences;
			sourceTree = "<group>";
		};
		6CBB882F2B87968700CC175A /* Home */ = {
			isa = PBXGroup;
			children = (
				6CBB88382B87986100CC175A /* Home */,
			);
			path = Home;
			sourceTree = "<group>";
		};
		6CBB88302B87969400CC175A /* View */ = {
			isa = PBXGroup;
			children = (
				6CBB88312B8796D100CC175A /* HomeVC.swift */,
				6CBB88322B8796D100CC175A /* HomeVC.xib */,
			);
			path = View;
			sourceTree = "<group>";
		};
		6CBB88352B8797ED00CC175A /* Tab */ = {
			isa = PBXGroup;
			children = (
				6CBB88362B87980500CC175A /* TabVC.swift */,
			);
			path = Tab;
			sourceTree = "<group>";
		};
		6CBB88382B87986100CC175A /* Home */ = {
			isa = PBXGroup;
			children = (
				6CBB88302B87969400CC175A /* View */,
			);
			path = Home;
			sourceTree = "<group>";
		};
		6CBB88392B87987400CC175A /* Profile */ = {
			isa = PBXGroup;
			children = (
				6CBB883A2B87989600CC175A /* Profile */,
			);
			path = Profile;
			sourceTree = "<group>";
		};
		6CBB883A2B87989600CC175A /* Profile */ = {
			isa = PBXGroup;
			children = (
				6C276DEF2B8F5DA800A9103C /* ViewModel */,
				6CBB883B2B8798A500CC175A /* View */,
			);
			path = Profile;
			sourceTree = "<group>";
		};
		6CBB883B2B8798A500CC175A /* View */ = {
			isa = PBXGroup;
			children = (
				6CBB883C2B8798CB00CC175A /* ProfileVC.swift */,
				6CBB883D2B8798CB00CC175A /* ProfileVC.xib */,
			);
			path = View;
			sourceTree = "<group>";
		};
		6CBB88402B879A9E00CC175A /* Login */ = {
			isa = PBXGroup;
			children = (
				6CBB88412B879AA800CC175A /* View */,
			);
			path = Login;
			sourceTree = "<group>";
		};
		6CBB88412B879AA800CC175A /* View */ = {
			isa = PBXGroup;
			children = (
				6CBB88422B879AC300CC175A /* LoginVC.swift */,
				6CBB88432B879AC300CC175A /* LoginVC.xib */,
			);
			path = View;
			sourceTree = "<group>";
		};
		6CBB88462B8B6ED800CC175A /* Resources */ = {
			isa = PBXGroup;
			children = (
				6C5AA6932B7E17DB0088C3B8 /* Assets.xcassets */,
				6C5AA68A2B7E17DA0088C3B8 /* AppDelegate.swift */,
				6C5AA68C2B7E17DA0088C3B8 /* SceneDelegate.swift */,
				6CBB88472B8B709800CC175A /* color.xcassets */,
			);
			path = Resources;
			sourceTree = "<group>";
		};
		6CBB88492B8B7B6E00CC175A /* Base */ = {
			isa = PBXGroup;
			children = (
				6CBB884A2B8B7B9700CC175A /* BaseViewController.swift */,
				6CBB884C2B8B7BE400CC175A /* BaseViewModel.swift */,
			);
			path = Base;
			sourceTree = "<group>";
		};
		6CBB88572B8E208F00CC175A /* Utils */ = {
			isa = PBXGroup;
			children = (
				6CBB88582B8E209500CC175A /* Extension */,
			);
			path = Utils;
			sourceTree = "<group>";
		};
		6CBB88582B8E209500CC175A /* Extension */ = {
			isa = PBXGroup;
			children = (
				6CBB88592B8E20A800CC175A /* UIView+Extension.swift */,
				6CBB885B2B8E20D300CC175A /* UICollectionView+Extension.swift */,
				6CBB885D2B8E20ED00CC175A /* UITableView+Extension.swift */,
				6CBB88632B8E34BB00CC175A /* UIApplication+Extension.swift */,
			);
			path = Extension;
			sourceTree = "<group>";
		};
		6CBB885F2B8E295500CC175A /* Components */ = {
			isa = PBXGroup;
			children = (
				6CBB88602B8E295E00CC175A /* Loading */,
			);
			path = Components;
			sourceTree = "<group>";
		};
		6CBB88602B8E295E00CC175A /* Loading */ = {
			isa = PBXGroup;
			children = (
				6CBB88612B8E297300CC175A /* LoadingIndicator.swift */,
			);
			path = Loading;
			sourceTree = "<group>";
		};
		D6CC0B0F2680F44447E08284 /* Pods */ = {
			isa = PBXGroup;
			children = (
				5B5323D5090CA3F37AB9BD83 /* Pods-Fresh Wave - Agent.debug.xcconfig */,
				E0587165DB6AED566564D5E3 /* Pods-Fresh Wave - Agent.release.xcconfig */,
			);
			path = Pods;
			sourceTree = "<group>";
		};
/* End PBXGroup section */

/* Begin PBXNativeTarget section */
		6C5AA6862B7E17DA0088C3B8 /* Fresh Wave - Agent */ = {
			isa = PBXNativeTarget;
			buildConfigurationList = 6C5AA69B2B7E17DB0088C3B8 /* Build configuration list for PBXNativeTarget "Fresh Wave - Agent" */;
			buildPhases = (
				1F64F8E4519E4E4A785AE102 /* [CP] Check Pods Manifest.lock */,
				6C5AA6832B7E17DA0088C3B8 /* Sources */,
				6C5AA6842B7E17DA0088C3B8 /* Frameworks */,
				6C5AA6852B7E17DA0088C3B8 /* Resources */,
				2A2D943AE2A94D307AFA09A3 /* [CP] Embed Pods Frameworks */,
			);
			buildRules = (
			);
			dependencies = (
			);
			name = "Fresh Wave - Agent";
			productName = "Fresh Wave - Agent";
			productReference = 6C5AA6872B7E17DA0088C3B8 /* Fresh Wave - Agent.app */;
			productType = "com.apple.product-type.application";
		};
/* End PBXNativeTarget section */

/* Begin PBXProject section */
		6C5AA67F2B7E17DA0088C3B8 /* Project object */ = {
			isa = PBXProject;
			attributes = {
				BuildIndependentTargetsInParallel = 1;
				LastSwiftUpdateCheck = 1500;
				LastUpgradeCheck = 1500;
				TargetAttributes = {
					6C5AA6862B7E17DA0088C3B8 = {
						CreatedOnToolsVersion = 15.0.1;
					};
				};
			};
			buildConfigurationList = 6C5AA6822B7E17DA0088C3B8 /* Build configuration list for PBXProject "Fresh Wave - Agent" */;
			compatibilityVersion = "Xcode 14.0";
			developmentRegion = en;
			hasScannedForEncodings = 0;
			knownRegions = (
				en,
				Base,
			);
			mainGroup = 6C5AA67E2B7E17DA0088C3B8;
			productRefGroup = 6C5AA6882B7E17DA0088C3B8 /* Products */;
			projectDirPath = "";
			projectRoot = "";
			targets = (
				6C5AA6862B7E17DA0088C3B8 /* Fresh Wave - Agent */,
			);
		};
/* End PBXProject section */

/* Begin PBXResourcesBuildPhase section */
		6C5AA6852B7E17DA0088C3B8 /* Resources */ = {
			isa = PBXResourcesBuildPhase;
			buildActionMask = 2147483647;
			files = (
				6CBB88452B879AC300CC175A /* LoginVC.xib in Resources */,
				6C5AA6972B7E17DB0088C3B8 /* LaunchScreen.storyboard in Resources */,
				6CBB88342B8796D100CC175A /* HomeVC.xib in Resources */,
				6C5AA6942B7E17DB0088C3B8 /* Assets.xcassets in Resources */,
				6CBB88482B8B709800CC175A /* color.xcassets in Resources */,
				6CBB883F2B8798CB00CC175A /* ProfileVC.xib in Resources */,
			);
			runOnlyForDeploymentPostprocessing = 0;
		};
/* End PBXResourcesBuildPhase section */

/* Begin PBXShellScriptBuildPhase section */
		1F64F8E4519E4E4A785AE102 /* [CP] Check Pods Manifest.lock */ = {
			isa = PBXShellScriptBuildPhase;
			buildActionMask = 2147483647;
			files = (
			);
			inputFileListPaths = (
			);
			inputPaths = (
				"${PODS_PODFILE_DIR_PATH}/Podfile.lock",
				"${PODS_ROOT}/Manifest.lock",
			);
			name = "[CP] Check Pods Manifest.lock";
			outputFileListPaths = (
			);
			outputPaths = (
				"$(DERIVED_FILE_DIR)/Pods-Fresh Wave - Agent-checkManifestLockResult.txt",
			);
			runOnlyForDeploymentPostprocessing = 0;
			shellPath = /bin/sh;
			shellScript = "diff \"${PODS_PODFILE_DIR_PATH}/Podfile.lock\" \"${PODS_ROOT}/Manifest.lock\" > /dev/null\nif [ $? != 0 ] ; then\n    # print error to STDERR\n    echo \"error: The sandbox is not in sync with the Podfile.lock. Run 'pod install' or update your CocoaPods installation.\" >&2\n    exit 1\nfi\n# This output is used by Xcode 'outputs' to avoid re-running this script phase.\necho \"SUCCESS\" > \"${SCRIPT_OUTPUT_FILE_0}\"\n";
			showEnvVarsInLog = 0;
		};
		2A2D943AE2A94D307AFA09A3 /* [CP] Embed Pods Frameworks */ = {
			isa = PBXShellScriptBuildPhase;
			buildActionMask = 2147483647;
			files = (
			);
			inputFileListPaths = (
				"${PODS_ROOT}/Target Support Files/Pods-Fresh Wave - Agent/Pods-Fresh Wave - Agent-frameworks-${CONFIGURATION}-input-files.xcfilelist",
			);
			name = "[CP] Embed Pods Frameworks";
			outputFileListPaths = (
				"${PODS_ROOT}/Target Support Files/Pods-Fresh Wave - Agent/Pods-Fresh Wave - Agent-frameworks-${CONFIGURATION}-output-files.xcfilelist",
			);
			runOnlyForDeploymentPostprocessing = 0;
			shellPath = /bin/sh;
			shellScript = "\"${PODS_ROOT}/Target Support Files/Pods-Fresh Wave - Agent/Pods-Fresh Wave - Agent-frameworks.sh\"\n";
			showEnvVarsInLog = 0;
		};
/* End PBXShellScriptBuildPhase section */

/* Begin PBXSourcesBuildPhase section */
		6C5AA6832B7E17DA0088C3B8 /* Sources */ = {
			isa = PBXSourcesBuildPhase;
			buildActionMask = 2147483647;
			files = (
				6CBB883E2B8798CB00CC175A /* ProfileVC.swift in Sources */,
				6CBB885C2B8E20D300CC175A /* UICollectionView+Extension.swift in Sources */,
				6CBB88622B8E297300CC175A /* LoadingIndicator.swift in Sources */,
				6CBB88372B87980500CC175A /* TabVC.swift in Sources */,
				6CBB88442B879AC300CC175A /* LoginVC.swift in Sources */,
				6C5AA68F2B7E17DA0088C3B8 /* ViewController.swift in Sources */,
				6CBB88642B8E34BB00CC175A /* UIApplication+Extension.swift in Sources */,
				6CBB88332B8796D100CC175A /* HomeVC.swift in Sources */,
				6CBB884D2B8B7BE400CC175A /* BaseViewModel.swift in Sources */,
				6C276DF12B8F5DBC00A9103C /* ProfileViewModel.swift in Sources */,
				6CBB884B2B8B7B9700CC175A /* BaseViewController.swift in Sources */,
				6C5AA68B2B7E17DA0088C3B8 /* AppDelegate.swift in Sources */,
				6CBB885A2B8E20A800CC175A /* UIView+Extension.swift in Sources */,
				6C5AA68D2B7E17DA0088C3B8 /* SceneDelegate.swift in Sources */,
				6CBB885E2B8E20ED00CC175A /* UITableView+Extension.swift in Sources */,
			);
			runOnlyForDeploymentPostprocessing = 0;
		};
/* End PBXSourcesBuildPhase section */

/* Begin PBXVariantGroup section */
		6C5AA6952B7E17DB0088C3B8 /* LaunchScreen.storyboard */ = {
			isa = PBXVariantGroup;
			children = (
				6C5AA6962B7E17DB0088C3B8 /* Base */,
			);
			name = LaunchScreen.storyboard;
			sourceTree = "<group>";
		};
/* End PBXVariantGroup section */

/* Begin XCBuildConfiguration section */
		6C5AA6992B7E17DB0088C3B8 /* Debug */ = {
			isa = XCBuildConfiguration;
			buildSettings = {
				ALWAYS_SEARCH_USER_PATHS = NO;
				ASSETCATALOG_COMPILER_GENERATE_SWIFT_ASSET_SYMBOL_EXTENSIONS = YES;
				CLANG_ANALYZER_NONNULL = YES;
				CLANG_ANALYZER_NUMBER_OBJECT_CONVERSION = YES_AGGRESSIVE;
				CLANG_CXX_LANGUAGE_STANDARD = "gnu++20";
				CLANG_ENABLE_MODULES = YES;
				CLANG_ENABLE_OBJC_ARC = YES;
				CLANG_ENABLE_OBJC_WEAK = YES;
				CLANG_WARN_BLOCK_CAPTURE_AUTORELEASING = YES;
				CLANG_WARN_BOOL_CONVERSION = YES;
				CLANG_WARN_COMMA = YES;
				CLANG_WARN_CONSTANT_CONVERSION = YES;
				CLANG_WARN_DEPRECATED_OBJC_IMPLEMENTATIONS = YES;
				CLANG_WARN_DIRECT_OBJC_ISA_USAGE = YES_ERROR;
				CLANG_WARN_DOCUMENTATION_COMMENTS = YES;
				CLANG_WARN_EMPTY_BODY = YES;
				CLANG_WARN_ENUM_CONVERSION = YES;
				CLANG_WARN_INFINITE_RECURSION = YES;
				CLANG_WARN_INT_CONVERSION = YES;
				CLANG_WARN_NON_LITERAL_NULL_CONVERSION = YES;
				CLANG_WARN_OBJC_IMPLICIT_RETAIN_SELF = YES;
				CLANG_WARN_OBJC_LITERAL_CONVERSION = YES;
				CLANG_WARN_OBJC_ROOT_CLASS = YES_ERROR;
				CLANG_WARN_QUOTED_INCLUDE_IN_FRAMEWORK_HEADER = YES;
				CLANG_WARN_RANGE_LOOP_ANALYSIS = YES;
				CLANG_WARN_STRICT_PROTOTYPES = YES;
				CLANG_WARN_SUSPICIOUS_MOVE = YES;
				CLANG_WARN_UNGUARDED_AVAILABILITY = YES_AGGRESSIVE;
				CLANG_WARN_UNREACHABLE_CODE = YES;
				CLANG_WARN__DUPLICATE_METHOD_MATCH = YES;
				COPY_PHASE_STRIP = NO;
				DEBUG_INFORMATION_FORMAT = dwarf;
				ENABLE_STRICT_OBJC_MSGSEND = YES;
				ENABLE_TESTABILITY = YES;
				ENABLE_USER_SCRIPT_SANDBOXING = YES;
				GCC_C_LANGUAGE_STANDARD = gnu17;
				GCC_DYNAMIC_NO_PIC = NO;
				GCC_NO_COMMON_BLOCKS = YES;
				GCC_OPTIMIZATION_LEVEL = 0;
				GCC_PREPROCESSOR_DEFINITIONS = (
					"DEBUG=1",
					"$(inherited)",
				);
				GCC_WARN_64_TO_32_BIT_CONVERSION = YES;
				GCC_WARN_ABOUT_RETURN_TYPE = YES_ERROR;
				GCC_WARN_UNDECLARED_SELECTOR = YES;
				GCC_WARN_UNINITIALIZED_AUTOS = YES_AGGRESSIVE;
				GCC_WARN_UNUSED_FUNCTION = YES;
				GCC_WARN_UNUSED_VARIABLE = YES;
				IPHONEOS_DEPLOYMENT_TARGET = 17.0;
				LOCALIZATION_PREFERS_STRING_CATALOGS = YES;
				MTL_ENABLE_DEBUG_INFO = INCLUDE_SOURCE;
				MTL_FAST_MATH = YES;
				ONLY_ACTIVE_ARCH = YES;
				SDKROOT = iphoneos;
				SWIFT_ACTIVE_COMPILATION_CONDITIONS = "DEBUG $(inherited)";
				SWIFT_OPTIMIZATION_LEVEL = "-Onone";
			};
			name = Debug;
		};
		6C5AA69A2B7E17DB0088C3B8 /* Release */ = {
			isa = XCBuildConfiguration;
			buildSettings = {
				ALWAYS_SEARCH_USER_PATHS = NO;
				ASSETCATALOG_COMPILER_GENERATE_SWIFT_ASSET_SYMBOL_EXTENSIONS = YES;
				CLANG_ANALYZER_NONNULL = YES;
				CLANG_ANALYZER_NUMBER_OBJECT_CONVERSION = YES_AGGRESSIVE;
				CLANG_CXX_LANGUAGE_STANDARD = "gnu++20";
				CLANG_ENABLE_MODULES = YES;
				CLANG_ENABLE_OBJC_ARC = YES;
				CLANG_ENABLE_OBJC_WEAK = YES;
				CLANG_WARN_BLOCK_CAPTURE_AUTORELEASING = YES;
				CLANG_WARN_BOOL_CONVERSION = YES;
				CLANG_WARN_COMMA = YES;
				CLANG_WARN_CONSTANT_CONVERSION = YES;
				CLANG_WARN_DEPRECATED_OBJC_IMPLEMENTATIONS = YES;
				CLANG_WARN_DIRECT_OBJC_ISA_USAGE = YES_ERROR;
				CLANG_WARN_DOCUMENTATION_COMMENTS = YES;
				CLANG_WARN_EMPTY_BODY = YES;
				CLANG_WARN_ENUM_CONVERSION = YES;
				CLANG_WARN_INFINITE_RECURSION = YES;
				CLANG_WARN_INT_CONVERSION = YES;
				CLANG_WARN_NON_LITERAL_NULL_CONVERSION = YES;
				CLANG_WARN_OBJC_IMPLICIT_RETAIN_SELF = YES;
				CLANG_WARN_OBJC_LITERAL_CONVERSION = YES;
				CLANG_WARN_OBJC_ROOT_CLASS = YES_ERROR;
				CLANG_WARN_QUOTED_INCLUDE_IN_FRAMEWORK_HEADER = YES;
				CLANG_WARN_RANGE_LOOP_ANALYSIS = YES;
				CLANG_WARN_STRICT_PROTOTYPES = YES;
				CLANG_WARN_SUSPICIOUS_MOVE = YES;
				CLANG_WARN_UNGUARDED_AVAILABILITY = YES_AGGRESSIVE;
				CLANG_WARN_UNREACHABLE_CODE = YES;
				CLANG_WARN__DUPLICATE_METHOD_MATCH = YES;
				COPY_PHASE_STRIP = NO;
				DEBUG_INFORMATION_FORMAT = "dwarf-with-dsym";
				ENABLE_NS_ASSERTIONS = NO;
				ENABLE_STRICT_OBJC_MSGSEND = YES;
				ENABLE_USER_SCRIPT_SANDBOXING = YES;
				GCC_C_LANGUAGE_STANDARD = gnu17;
				GCC_NO_COMMON_BLOCKS = YES;
				GCC_WARN_64_TO_32_BIT_CONVERSION = YES;
				GCC_WARN_ABOUT_RETURN_TYPE = YES_ERROR;
				GCC_WARN_UNDECLARED_SELECTOR = YES;
				GCC_WARN_UNINITIALIZED_AUTOS = YES_AGGRESSIVE;
				GCC_WARN_UNUSED_FUNCTION = YES;
				GCC_WARN_UNUSED_VARIABLE = YES;
				IPHONEOS_DEPLOYMENT_TARGET = 17.0;
				LOCALIZATION_PREFERS_STRING_CATALOGS = YES;
				MTL_ENABLE_DEBUG_INFO = NO;
				MTL_FAST_MATH = YES;
				SDKROOT = iphoneos;
				SWIFT_COMPILATION_MODE = wholemodule;
				VALIDATE_PRODUCT = YES;
			};
			name = Release;
		};
		6C5AA69C2B7E17DB0088C3B8 /* Debug */ = {
			isa = XCBuildConfiguration;
			baseConfigurationReference = 5B5323D5090CA3F37AB9BD83 /* Pods-Fresh Wave - Agent.debug.xcconfig */;
			buildSettings = {
				ASSETCATALOG_COMPILER_APPICON_NAME = AppIcon;
				ASSETCATALOG_COMPILER_GLOBAL_ACCENT_COLOR_NAME = AccentColor;
				CODE_SIGN_STYLE = Automatic;
				CURRENT_PROJECT_VERSION = 1;
				ENABLE_USER_SCRIPT_SANDBOXING = NO;
				GENERATE_INFOPLIST_FILE = YES;
				INFOPLIST_FILE = "Fresh Wave - Agent/Info.plist";
				INFOPLIST_KEY_UIApplicationSupportsIndirectInputEvents = YES;
				INFOPLIST_KEY_UILaunchStoryboardName = LaunchScreen;
				INFOPLIST_KEY_UISupportedInterfaceOrientations_iPad = "UIInterfaceOrientationPortrait UIInterfaceOrientationPortraitUpsideDown UIInterfaceOrientationLandscapeLeft UIInterfaceOrientationLandscapeRight";
				INFOPLIST_KEY_UISupportedInterfaceOrientations_iPhone = "UIInterfaceOrientationPortrait UIInterfaceOrientationLandscapeLeft UIInterfaceOrientationLandscapeRight";
				IPHONEOS_DEPLOYMENT_TARGET = 14.0;
				LD_RUNPATH_SEARCH_PATHS = (
					"$(inherited)",
					"@executable_path/Frameworks",
				);
				MARKETING_VERSION = 1.0;
				PRODUCT_BUNDLE_IDENTIFIER = "new.freshwave.agent.Fresh-Wave---Agent";
				PRODUCT_NAME = "$(TARGET_NAME)";
				SWIFT_EMIT_LOC_STRINGS = YES;
				SWIFT_VERSION = 5.0;
				TARGETED_DEVICE_FAMILY = "1,2";
			};
			name = Debug;
		};
		6C5AA69D2B7E17DB0088C3B8 /* Release */ = {
			isa = XCBuildConfiguration;
			baseConfigurationReference = E0587165DB6AED566564D5E3 /* Pods-Fresh Wave - Agent.release.xcconfig */;
			buildSettings = {
				ASSETCATALOG_COMPILER_APPICON_NAME = AppIcon;
				ASSETCATALOG_COMPILER_GLOBAL_ACCENT_COLOR_NAME = AccentColor;
				CODE_SIGN_STYLE = Automatic;
				CURRENT_PROJECT_VERSION = 1;
				ENABLE_USER_SCRIPT_SANDBOXING = NO;
				GENERATE_INFOPLIST_FILE = YES;
				INFOPLIST_FILE = "Fresh Wave - Agent/Info.plist";
				INFOPLIST_KEY_UIApplicationSupportsIndirectInputEvents = YES;
				INFOPLIST_KEY_UILaunchStoryboardName = LaunchScreen;
				INFOPLIST_KEY_UISupportedInterfaceOrientations_iPad = "UIInterfaceOrientationPortrait UIInterfaceOrientationPortraitUpsideDown UIInterfaceOrientationLandscapeLeft UIInterfaceOrientationLandscapeRight";
				INFOPLIST_KEY_UISupportedInterfaceOrientations_iPhone = "UIInterfaceOrientationPortrait UIInterfaceOrientationLandscapeLeft UIInterfaceOrientationLandscapeRight";
				IPHONEOS_DEPLOYMENT_TARGET = 14.0;
				LD_RUNPATH_SEARCH_PATHS = (
					"$(inherited)",
					"@executable_path/Frameworks",
				);
				MARKETING_VERSION = 1.0;
				PRODUCT_BUNDLE_IDENTIFIER = "new.freshwave.agent.Fresh-Wave---Agent";
				PRODUCT_NAME = "$(TARGET_NAME)";
				SWIFT_EMIT_LOC_STRINGS = YES;
				SWIFT_VERSION = 5.0;
				TARGETED_DEVICE_FAMILY = "1,2";
			};
			name = Release;
		};
/* End XCBuildConfiguration section */

/* Begin XCConfigurationList section */
		6C5AA6822B7E17DA0088C3B8 /* Build configuration list for PBXProject "Fresh Wave - Agent" */ = {
			isa = XCConfigurationList;
			buildConfigurations = (
				6C5AA6992B7E17DB0088C3B8 /* Debug */,
				6C5AA69A2B7E17DB0088C3B8 /* Release */,
			);
			defaultConfigurationIsVisible = 0;
			defaultConfigurationName = Release;
		};
		6C5AA69B2B7E17DB0088C3B8 /* Build configuration list for PBXNativeTarget "Fresh Wave - Agent" */ = {
			isa = XCConfigurationList;
			buildConfigurations = (
				6C5AA69C2B7E17DB0088C3B8 /* Debug */,
				6C5AA69D2B7E17DB0088C3B8 /* Release */,
			);
			defaultConfigurationIsVisible = 0;
			defaultConfigurationName = Release;
		};
/* End XCConfigurationList section */
	};
	rootObject = 6C5AA67F2B7E17DA0088C3B8 /* Project object */;
}
